
Microsoft Visual Studio Solution File, Format Version 11.00
# Visual Studio 2010
Project("{FAE04EC0-301F-11D3-BF4B-00C04F79EFBC}") = "JsonParser", "JsonParser\JsonParser.csproj", "{F55ECE1F-5891-41E8-9727-81BB2D1ADB8D}"
EndProject
Project("{2150E333-8FDC-42A3-9474-1A3956D46DE8}") = "Tests", "Tests", "{38AE46FA-AC2B-42BD-9AFE-016DACEE0AD3}"
EndProject
Project("{FAE04EC0-301F-11D3-BF4B-00C04F79EFBC}") = "UnitTests", "UnitTests\UnitTests.csproj", "{C4670EB0-09C3-458A-BE28-D1442FC4740B}"
EndProject
Global
	GlobalSection(SolutionConfigurationPlatforms) = preSolution
		Debug|Any CPU = Debug|Any CPU
		Debug|Mixed Platforms = Debug|Mixed Platforms
		Debug|x86 = Debug|x86
		Release|Any CPU = Release|Any CPU
		Release|Mixed Platforms = Release|Mixed Platforms
		Release|x86 = Release|x86
	EndGlobalSection
	GlobalSection(ProjectConfigurationPlatforms) = postSolution
		{F55ECE1F-5891-41E8-9727-81BB2D1ADB8D}.Debug|Any CPU.ActiveCfg = Debug|x86
		{F55ECE1F-5891-41E8-9727-81BB2D1ADB8D}.Debug|Mixed Platforms.ActiveCfg = Debug|x86
		{F55ECE1F-5891-41E8-9727-81BB2D1ADB8D}.Debug|Mixed Platforms.Build.0 = Debug|x86
		{F55ECE1F-5891-41E8-9727-81BB2D1ADB8D}.Debug|x86.ActiveCfg = Debug|x86
		{F55ECE1F-5891-41E8-9727-81BB2D1ADB8D}.Debug|x86.Build.0 = Debug|x86
		{F55ECE1F-5891-41E8-9727-81BB2D1ADB8D}.Release|Any CPU.ActiveCfg = Release|x86
		{F55ECE1F-5891-41E8-9727-81BB2D1ADB8D}.Release|Mixed Platforms.ActiveCfg = Release|x86
		{F55ECE1F-5891-41E8-9727-81BB2D1ADB8D}.Release|Mixed Platforms.Build.0 = Release|x86
		{F55ECE1F-5891-41E8-9727-81BB2D1ADB8D}.Release|x86.ActiveCfg = Release|x86
		{F55ECE1F-5891-41E8-9727-81BB2D1ADB8D}.Release|x86.Build.0 = Release|x86
		{C4670EB0-09C3-458A-BE28-D1442FC4740B}.Debug|Any CPU.ActiveCfg = Debug|Any CPU
		{C4670EB0-09C3-458A-BE28-D1442FC4740B}.Debug|Any CPU.Build.0 = Debug|Any CPU
		{C4670EB0-09C3-458A-BE28-D1442FC4740B}.Debug|Mixed Platforms.ActiveCfg = Debug|Any CPU
		{C4670EB0-09C3-458A-BE28-D1442FC4740B}.Debug|Mixed Platforms.Build.0 = Debug|Any CPU
		{C4670EB0-09C3-458A-BE28-D1442FC4740B}.Debug|x86.ActiveCfg = Debug|Any CPU
		{C4670EB0-09C3-458A-BE28-D1442FC4740B}.Release|Any CPU.ActiveCfg = Release|Any CPU
		{C4670EB0-09C3-458A-BE28-D1442FC4740B}.Release|Any CPU.Build.0 = Release|Any CPU
		{C4670EB0-09C3-458A-BE28-D1442FC4740B}.Release|Mixed Platforms.ActiveCfg = Release|Any CPU
		{C4670EB0-09C3-458A-BE28-D1442FC4740B}.Release|Mixed Platforms.Build.0 = Release|Any CPU
		{C4670EB0-09C3-458A-BE28-D1442FC4740B}.Release|x86.ActiveCfg = Release|Any CPU
	EndGlobalSection
	GlobalSection(SolutionProperties) = preSolution
		HideSolutionNode = FALSE
	EndGlobalSection
	GlobalSection(NestedProjects) = preSolution
		{C4670EB0-09C3-458A-BE28-D1442FC4740B} = {38AE46FA-AC2B-42BD-9AFE-016DACEE0AD3}
	EndGlobalSection
	GlobalSection(ExtensibilityGlobals) = postSolution
		EnterpriseLibraryConfigurationToolBinariesPath = packages\Unity.2.1.505.2\lib\NET35
	EndGlobalSection
EndGlobal
